{
  "version": "3",
  "packages": {
    "specifiers": {
      "jsr:@std/assert@0.210.0": "jsr:@std/assert@0.210.0",
      "jsr:@std/fmt@^0.210.0": "jsr:@std/fmt@0.210.0",
      "npm:@peculiar/x509@1.11.0": "npm:@peculiar/x509@1.11.0"
    },
    "jsr": {
      "@std/assert@0.210.0": {
        "integrity": "2c1fa547f49be7db2687f98a89fe8fbb1aab9619848cebd21541a8f4f3f4f67f",
        "dependencies": [
          "jsr:@std/fmt@^0.210.0"
        ]
      },
      "@std/fmt@0.210.0": {
        "integrity": "088522f368100771655e8aff9c7cafe999e9fd87f10515056d85e9c7db956b55"
      }
    },
    "npm": {
      "@peculiar/asn1-cms@2.3.8": {
        "integrity": "sha512-Wtk9R7yQxGaIaawHorWKP2OOOm/RZzamOmSWwaqGphIuU6TcKYih0slL6asZlSSZtVoYTrBfrddSOD/jTu9vuQ==",
        "dependencies": {
          "@peculiar/asn1-schema": "@peculiar/asn1-schema@2.3.8",
          "@peculiar/asn1-x509": "@peculiar/asn1-x509@2.3.8",
          "@peculiar/asn1-x509-attr": "@peculiar/asn1-x509-attr@2.3.8",
          "asn1js": "asn1js@3.0.5",
          "tslib": "tslib@2.6.3"
        }
      },
      "@peculiar/asn1-csr@2.3.8": {
        "integrity": "sha512-ZmAaP2hfzgIGdMLcot8gHTykzoI+X/S53x1xoGbTmratETIaAbSWMiPGvZmXRA0SNEIydpMkzYtq4fQBxN1u1w==",
        "dependencies": {
          "@peculiar/asn1-schema": "@peculiar/asn1-schema@2.3.8",
          "@peculiar/asn1-x509": "@peculiar/asn1-x509@2.3.8",
          "asn1js": "asn1js@3.0.5",
          "tslib": "tslib@2.6.3"
        }
      },
      "@peculiar/asn1-ecc@2.3.8": {
        "integrity": "sha512-Ah/Q15y3A/CtxbPibiLM/LKcMbnLTdUdLHUgdpB5f60sSvGkXzxJCu5ezGTFHogZXWNX3KSmYqilCrfdmBc6pQ==",
        "dependencies": {
          "@peculiar/asn1-schema": "@peculiar/asn1-schema@2.3.8",
          "@peculiar/asn1-x509": "@peculiar/asn1-x509@2.3.8",
          "asn1js": "asn1js@3.0.5",
          "tslib": "tslib@2.6.3"
        }
      },
      "@peculiar/asn1-pfx@2.3.8": {
        "integrity": "sha512-XhdnCVznMmSmgy68B9pVxiZ1XkKoE1BjO4Hv+eUGiY1pM14msLsFZ3N7K46SoITIVZLq92kKkXpGiTfRjlNLyg==",
        "dependencies": {
          "@peculiar/asn1-cms": "@peculiar/asn1-cms@2.3.8",
          "@peculiar/asn1-pkcs8": "@peculiar/asn1-pkcs8@2.3.8",
          "@peculiar/asn1-rsa": "@peculiar/asn1-rsa@2.3.8",
          "@peculiar/asn1-schema": "@peculiar/asn1-schema@2.3.8",
          "asn1js": "asn1js@3.0.5",
          "tslib": "tslib@2.6.3"
        }
      },
      "@peculiar/asn1-pkcs8@2.3.8": {
        "integrity": "sha512-rL8k2x59v8lZiwLRqdMMmOJ30GHt6yuHISFIuuWivWjAJjnxzZBVzMTQ72sknX5MeTSSvGwPmEFk2/N8+UztFQ==",
        "dependencies": {
          "@peculiar/asn1-schema": "@peculiar/asn1-schema@2.3.8",
          "@peculiar/asn1-x509": "@peculiar/asn1-x509@2.3.8",
          "asn1js": "asn1js@3.0.5",
          "tslib": "tslib@2.6.3"
        }
      },
      "@peculiar/asn1-pkcs9@2.3.8": {
        "integrity": "sha512-+nONq5tcK7vm3qdY7ZKoSQGQjhJYMJbwJGbXLFOhmqsFIxEWyQPHyV99+wshOjpOjg0wUSSkEEzX2hx5P6EKeQ==",
        "dependencies": {
          "@peculiar/asn1-cms": "@peculiar/asn1-cms@2.3.8",
          "@peculiar/asn1-pfx": "@peculiar/asn1-pfx@2.3.8",
          "@peculiar/asn1-pkcs8": "@peculiar/asn1-pkcs8@2.3.8",
          "@peculiar/asn1-schema": "@peculiar/asn1-schema@2.3.8",
          "@peculiar/asn1-x509": "@peculiar/asn1-x509@2.3.8",
          "@peculiar/asn1-x509-attr": "@peculiar/asn1-x509-attr@2.3.8",
          "asn1js": "asn1js@3.0.5",
          "tslib": "tslib@2.6.3"
        }
      },
      "@peculiar/asn1-rsa@2.3.8": {
        "integrity": "sha512-ES/RVEHu8VMYXgrg3gjb1m/XG0KJWnV4qyZZ7mAg7rrF3VTmRbLxO8mk+uy0Hme7geSMebp+Wvi2U6RLLEs12Q==",
        "dependencies": {
          "@peculiar/asn1-schema": "@peculiar/asn1-schema@2.3.8",
          "@peculiar/asn1-x509": "@peculiar/asn1-x509@2.3.8",
          "asn1js": "asn1js@3.0.5",
          "tslib": "tslib@2.6.3"
        }
      },
      "@peculiar/asn1-schema@2.3.8": {
        "integrity": "sha512-ULB1XqHKx1WBU/tTFIA+uARuRoBVZ4pNdOA878RDrRbBfBGcSzi5HBkdScC6ZbHn8z7L8gmKCgPC1LHRrP46tA==",
        "dependencies": {
          "asn1js": "asn1js@3.0.5",
          "pvtsutils": "pvtsutils@1.3.5",
          "tslib": "tslib@2.6.3"
        }
      },
      "@peculiar/asn1-x509-attr@2.3.8": {
        "integrity": "sha512-4Z8mSN95MOuX04Aku9BUyMdsMKtVQUqWnr627IheiWnwFoheUhX3R4Y2zh23M7m80r4/WG8MOAckRKc77IRv6g==",
        "dependencies": {
          "@peculiar/asn1-schema": "@peculiar/asn1-schema@2.3.8",
          "@peculiar/asn1-x509": "@peculiar/asn1-x509@2.3.8",
          "asn1js": "asn1js@3.0.5",
          "tslib": "tslib@2.6.3"
        }
      },
      "@peculiar/asn1-x509@2.3.8": {
        "integrity": "sha512-voKxGfDU1c6r9mKiN5ZUsZWh3Dy1BABvTM3cimf0tztNwyMJPhiXY94eRTgsMQe6ViLfT6EoXxkWVzcm3mFAFw==",
        "dependencies": {
          "@peculiar/asn1-schema": "@peculiar/asn1-schema@2.3.8",
          "asn1js": "asn1js@3.0.5",
          "ipaddr.js": "ipaddr.js@2.2.0",
          "pvtsutils": "pvtsutils@1.3.5",
          "tslib": "tslib@2.6.3"
        }
      },
      "@peculiar/x509@1.11.0": {
        "integrity": "sha512-8rdxE//tsWLb2Yo2TYO2P8gieStbrHK/huFMV5PPfwX8I5HmtOus+Ox6nTKrPA9o+WOPaa5xKenee+QdmHBd5g==",
        "dependencies": {
          "@peculiar/asn1-cms": "@peculiar/asn1-cms@2.3.8",
          "@peculiar/asn1-csr": "@peculiar/asn1-csr@2.3.8",
          "@peculiar/asn1-ecc": "@peculiar/asn1-ecc@2.3.8",
          "@peculiar/asn1-pkcs9": "@peculiar/asn1-pkcs9@2.3.8",
          "@peculiar/asn1-rsa": "@peculiar/asn1-rsa@2.3.8",
          "@peculiar/asn1-schema": "@peculiar/asn1-schema@2.3.8",
          "@peculiar/asn1-x509": "@peculiar/asn1-x509@2.3.8",
          "pvtsutils": "pvtsutils@1.3.5",
          "reflect-metadata": "reflect-metadata@0.2.2",
          "tslib": "tslib@2.6.3",
          "tsyringe": "tsyringe@4.8.0"
        }
      },
      "asn1js@3.0.5": {
        "integrity": "sha512-FVnvrKJwpt9LP2lAMl8qZswRNm3T4q9CON+bxldk2iwk3FFpuwhx2FfinyitizWHsVYyaY+y5JzDR0rCMV5yTQ==",
        "dependencies": {
          "pvtsutils": "pvtsutils@1.3.5",
          "pvutils": "pvutils@1.1.3",
          "tslib": "tslib@2.6.3"
        }
      },
      "ipaddr.js@2.2.0": {
        "integrity": "sha512-Ag3wB2o37wslZS19hZqorUnrnzSkpOVy+IiiDEiTqNubEYpYuHWIf6K4psgN2ZWKExS4xhVCrRVfb/wfW8fWJA==",
        "dependencies": {}
      },
      "pvtsutils@1.3.5": {
        "integrity": "sha512-ARvb14YB9Nm2Xi6nBq1ZX6dAM0FsJnuk+31aUp4TrcZEdKUlSqOqsxJHUPJDNE3qiIp+iUPEIeR6Je/tgV7zsA==",
        "dependencies": {
          "tslib": "tslib@2.6.3"
        }
      },
      "pvutils@1.1.3": {
        "integrity": "sha512-pMpnA0qRdFp32b1sJl1wOJNxZLQ2cbQx+k6tjNtZ8CpvVhNqEPRgivZ2WOUev2YMajecdH7ctUPDvEe87nariQ==",
        "dependencies": {}
      },
      "reflect-metadata@0.2.2": {
        "integrity": "sha512-urBwgfrvVP/eAyXx4hluJivBKzuEbSQs9rKWCrCkbSxNv8mxPcUZKeuoF3Uy4mJl3Lwprp6yy5/39VWigZ4K6Q==",
        "dependencies": {}
      },
      "tslib@1.14.1": {
        "integrity": "sha512-Xni35NKzjgMrwevysHTCArtLDpPvye8zV/0E4EyYn43P7/7qvQwPh9BGkHewbMulVntbigmcT7rdX3BNo9wRJg==",
        "dependencies": {}
      },
      "tslib@2.6.3": {
        "integrity": "sha512-xNvxJEOUiWPGhUuUdQgAJPKOOJfGnIyKySOc09XkKsgdUV/3E2zvwZYdejjmRgPCgcym1juLH3226yA7sEFJKQ==",
        "dependencies": {}
      },
      "tsyringe@4.8.0": {
        "integrity": "sha512-YB1FG+axdxADa3ncEtRnQCFq/M0lALGLxSZeVNbTU8NqhOVc51nnv2CISTcvc1kyv6EGPtXVr0v6lWeDxiijOA==",
        "dependencies": {
          "tslib": "tslib@1.14.1"
        }
      }
    }
  },
  "remote": {},
  "workspace": {
    "dependencies": [
      "jsr:@std/assert@0.210.0",
      "npm:@peculiar/x509@1.11.0"
    ]
  }
}
